
Microsoft Visual Studio Solution File, Format Version 12.00
# Visual Studio 15
VisualStudioVersion = 15.0.28307.1022
MinimumVisualStudioVersion = 10.0.40219.1
Project("{FAE04EC0-301F-11D3-BF4B-00C04F79EFBC}") = "FYPWEB", "FYPWEB\FYPWEB.csproj", "{1A84D94D-7E3B-4546-AF47-FE36859E1512}"
EndProject
Global
	GlobalSection(SolutionConfigurationPlatforms) = preSolution
		Debug|Any CPU = Debug|Any CPU
		Release|Any CPU = Release|Any CPU
	EndGlobalSection
	GlobalSection(ProjectConfigurationPlatforms) = postSolution
		{1A84D94D-7E3B-4546-AF47-FE36859E1512}.Debug|Any CPU.ActiveCfg = Debug|Any CPU
		{1A84D94D-7E3B-4546-AF47-FE36859E1512}.Debug|Any CPU.Build.0 = Debug|Any CPU
		{1A84D94D-7E3B-4546-AF47-FE36859E1512}.Release|Any CPU.ActiveCfg = Release|Any CPU
		{1A84D94D-7E3B-4546-AF47-FE36859E1512}.Release|Any CPU.Build.0 = Release|Any CPU
	EndGlobalSection
	GlobalSection(SolutionProperties) = preSolution
		HideSolutionNode = FALSE
	EndGlobalSection
	GlobalSection(ExtensibilityGlobals) = postSolution
		SolutionGuid = {AF34700E-638A-41EB-BB78-5CDCF402ADE6}
	EndGlobalSection
EndGlobal
